<?xml version="1.0" encoding="UTF-8" standalone="yes" ?>
<CodeBlocks_project_file>
	<FileVersion major="1" minor="6" />
	<Project>
		<Option title="Origin" />
		<Option pch_mode="2" />
		<Option compiler="gcc" />
		<Option virtualFolders="Entities\;Entities\Mobs\;Entities\Turfs\;Entities\Items\;" />
		<Build>
			<Target title="Debug">
				<Option output="bin/OriginToA.exe" prefix_auto="1" extension_auto="0" />
				<Option working_dir="bin/" />
				<Option object_output="obj/" />
				<Option type="0" />
				<Option compiler="gcc" />
				<Compiler>
					<Add option="-g" />
					<Add directory="depend/libtcod/include" />
				</Compiler>
				<Linker>
					<Add option="-lmingw32" />
					<Add option="-static-libgcc" />
					<Add option="-static-libstdc++" />
					<Add library="depend\libtcod\lib\libtcod-mingw.a" />
				</Linker>
			</Target>
		</Build>
		<Compiler>
			<Add option="-Wall" />
			<Add option="-fexceptions" />
		</Compiler>
		<Unit filename="Controls.cpp" />
		<Unit filename="Entity.cpp">
			<Option virtualFolder="Entities/" />
		</Unit>
		<Unit filename="Entity.h">
			<Option virtualFolder="Entities/" />
			<Option target="&lt;{~None~}&gt;" />
		</Unit>
		<Unit filename="EntityData.h">
			<Option virtualFolder="Entities/" />
			<Option target="&lt;{~None~}&gt;" />
		</Unit>
		<Unit filename="Game.cpp" />
		<Unit filename="Game.h">
			<Option target="&lt;{~None~}&gt;" />
		</Unit>
		<Unit filename="Game_UI.cpp" />
		<Unit filename="Helper.cpp" />
		<Unit filename="Helper.h">
			<Option target="&lt;{~None~}&gt;" />
		</Unit>
		<Unit filename="Item.cpp">
			<Option virtualFolder="Entities/Items/" />
		</Unit>
		<Unit filename="Item.h">
			<Option virtualFolder="Entities/Items/" />
			<Option target="&lt;{~None~}&gt;" />
		</Unit>
		<Unit filename="ItemData.h">
			<Option virtualFolder="Entities/Items/" />
			<Option target="&lt;{~None~}&gt;" />
		</Unit>
		<Unit filename="ItemDefs.cpp">
			<Option virtualFolder="Entities/Items/" />
		</Unit>
		<Unit filename="Map.cpp" />
		<Unit filename="Map.h">
			<Option target="&lt;{~None~}&gt;" />
		</Unit>
		<Unit filename="Mob.cpp">
			<Option virtualFolder="Entities/Mobs/" />
		</Unit>
		<Unit filename="Mob.h">
			<Option virtualFolder="Entities/Mobs/" />
		</Unit>
		<Unit filename="MobAI.cpp">
			<Option virtualFolder="Entities/Mobs/" />
		</Unit>
		<Unit filename="MobData.h">
			<Option virtualFolder="Entities/Mobs/" />
			<Option target="&lt;{~None~}&gt;" />
		</Unit>
		<Unit filename="MobDefs.cpp">
			<Option virtualFolder="Entities/Mobs/" />
		</Unit>
		<Unit filename="Player.cpp">
			<Option virtualFolder="Entities/" />
		</Unit>
		<Unit filename="Player.h">
			<Option virtualFolder="Entities/" />
			<Option target="&lt;{~None~}&gt;" />
		</Unit>
		<Unit filename="Turf.cpp">
			<Option virtualFolder="Entities/Turfs/" />
		</Unit>
		<Unit filename="Turf.h">
			<Option virtualFolder="Entities/Turfs/" />
			<Option target="&lt;{~None~}&gt;" />
		</Unit>
		<Unit filename="TurfData.h">
			<Option virtualFolder="Entities/Turfs/" />
			<Option target="&lt;{~None~}&gt;" />
		</Unit>
		<Unit filename="main.cpp" />
		<Unit filename="tinyxml.cpp" />
		<Unit filename="tinyxml.h">
			<Option target="&lt;{~None~}&gt;" />
		</Unit>
		<Extensions>
			<code_completion />
			<debugger />
		</Extensions>
	</Project>
</CodeBlocks_project_file>
